
Microsoft Visual Studio Solution File, Format Version 12.00
# Visual Studio Version 17
VisualStudioVersion = 17.9.34902.65
MinimumVisualStudioVersion = 10.0.40219.1
Project("{FAE04EC0-301F-11D3-BF4B-00C04F79EFBC}") = "WebAppRazorPagesTest", "WebAppRazorPagesTest\WebAppRazorPagesTest.csproj", "{D068499E-A396-4D6A-8419-842DA58D1154}"
EndProject
Global
	GlobalSection(SolutionConfigurationPlatforms) = preSolution
		Debug|Any CPU = Debug|Any CPU
		Release|Any CPU = Release|Any CPU
	EndGlobalSection
	GlobalSection(ProjectConfigurationPlatforms) = postSolution
		{D068499E-A396-4D6A-8419-842DA58D1154}.Debug|Any CPU.ActiveCfg = Debug|Any CPU
		{D068499E-A396-4D6A-8419-842DA58D1154}.Debug|Any CPU.Build.0 = Debug|Any CPU
		{D068499E-A396-4D6A-8419-842DA58D1154}.Release|Any CPU.ActiveCfg = Release|Any CPU
		{D068499E-A396-4D6A-8419-842DA58D1154}.Release|Any CPU.Build.0 = Release|Any CPU
	EndGlobalSection
	GlobalSection(SolutionProperties) = preSolution
		HideSolutionNode = FALSE
	EndGlobalSection
	GlobalSection(ExtensibilityGlobals) = postSolution
		SolutionGuid = {005B88AE-891B-4436-BF25-E06FBD0E05D7}
	EndGlobalSection
EndGlobal
